
Microsoft Visual Studio Solution File, Format Version 12.00
# Visual Studio Version 17
VisualStudioVersion = 17.0.31903.59
MinimumVisualStudioVersion = 10.0.40219.1
Project("{2150E333-8FDC-42A3-9474-1A3956D46DE8}") = "src", "src", "{6E405F73-722B-43F6-808E-4CB16FA3ADB0}"
EndProject
Project("{FAE04EC0-301F-11D3-BF4B-00C04F79EFBC}") = "Server", "src\server\Server.csproj", "{15BAD951-218B-4A4E-8257-8F859B3E7D76}"
EndProject
Project("{2150E333-8FDC-42A3-9474-1A3956D46DE8}") = "Misc", "Misc", "{E97F6EF2-B538-4929-B395-36AB729A1641}"
	ProjectSection(SolutionItems) = preProject
		Directory.Build.props = Directory.Build.props
		Directory.Build.targets = Directory.Build.targets
		LICENSE = LICENSE
		nuget.config = nuget.config
		README.md = README.md
	EndProjectSection
EndProject
Project("{2150E333-8FDC-42A3-9474-1A3956D46DE8}") = "tests", "tests", "{E5A71AF7-6E1E-45D9-B686-68D23454F7FF}"
EndProject
Project("{FAE04EC0-301F-11D3-BF4B-00C04F79EFBC}") = "Server.Tests", "tests\server\Server.Tests.csproj", "{689A3B97-E8A0-4122-92EF-1411538120D1}"
EndProject
Global
	GlobalSection(SolutionConfigurationPlatforms) = preSolution
		Debug|Any CPU = Debug|Any CPU
		Release|Any CPU = Release|Any CPU
	EndGlobalSection
	GlobalSection(SolutionProperties) = preSolution
		HideSolutionNode = FALSE
	EndGlobalSection
	GlobalSection(ProjectConfigurationPlatforms) = postSolution
		{15BAD951-218B-4A4E-8257-8F859B3E7D76}.Debug|Any CPU.ActiveCfg = Debug|Any CPU
		{15BAD951-218B-4A4E-8257-8F859B3E7D76}.Debug|Any CPU.Build.0 = Debug|Any CPU
		{15BAD951-218B-4A4E-8257-8F859B3E7D76}.Release|Any CPU.ActiveCfg = Release|Any CPU
		{15BAD951-218B-4A4E-8257-8F859B3E7D76}.Release|Any CPU.Build.0 = Release|Any CPU
		{689A3B97-E8A0-4122-92EF-1411538120D1}.Debug|Any CPU.ActiveCfg = Debug|Any CPU
		{689A3B97-E8A0-4122-92EF-1411538120D1}.Debug|Any CPU.Build.0 = Debug|Any CPU
		{689A3B97-E8A0-4122-92EF-1411538120D1}.Release|Any CPU.ActiveCfg = Release|Any CPU
		{689A3B97-E8A0-4122-92EF-1411538120D1}.Release|Any CPU.Build.0 = Release|Any CPU
	EndGlobalSection
	GlobalSection(NestedProjects) = preSolution
		{15BAD951-218B-4A4E-8257-8F859B3E7D76} = {6E405F73-722B-43F6-808E-4CB16FA3ADB0}
		{689A3B97-E8A0-4122-92EF-1411538120D1} = {E5A71AF7-6E1E-45D9-B686-68D23454F7FF}
	EndGlobalSection
EndGlobal
